<Solution>
  <Folder Name="/0 - Solution Items/">
    <File Path=".editorconfig" />
    <File Path=".gitattributes" />
    <File Path=".github/workflows/dotnet.yml" />
    <File Path=".gitignore" />
    <File Path="codecov.yml" />
    <File Path="Configuration.schema.json" />
    <File Path="CreateCoverageReport.ps1" />
    <File Path="Directory.Build.props" />
    <File Path="HOWTO.md" />
    <File Path="LICENSE.txt" />
    <File Path="nuget.config" />
    <File Path="README.md" />
    <File Path="runsettings.xml" />
    <File Path="stylecop.json" />
  </Folder>
  <Folder Name="/1 - doc/">
    <File Path="doc/RoslynLightup001.md" />
    <File Path="doc/RoslynLightup002.md" />
  </Folder>
  <Folder Name="/2 - ref/">
    <File Path="ref/Directory.Build.props" />
    <File Path="ref/Program.cs" />
    <Project Path="ref/CodeAnalysis.Lightup.Reference.V1_3_2/CodeAnalysis.Lightup.Reference.V1_3_2.csproj" />
    <Project Path="ref/CodeAnalysis.Lightup.Reference.V2_0_0/CodeAnalysis.Lightup.Reference.V2_0_0.csproj" />
    <Project Path="ref/CodeAnalysis.Lightup.Reference.V2_10_0/CodeAnalysis.Lightup.Reference.V2_10_0.csproj" />
    <Project Path="ref/CodeAnalysis.Lightup.Reference.V2_1_0/CodeAnalysis.Lightup.Reference.V2_1_0.csproj" />
    <Project Path="ref/CodeAnalysis.Lightup.Reference.V2_2_0/CodeAnalysis.Lightup.Reference.V2_2_0.csproj" />
    <Project Path="ref/CodeAnalysis.Lightup.Reference.V2_3_0/CodeAnalysis.Lightup.Reference.V2_3_0.csproj" />
    <Project Path="ref/CodeAnalysis.Lightup.Reference.V2_4_0/CodeAnalysis.Lightup.Reference.V2_4_0.csproj" />
    <Project Path="ref/CodeAnalysis.Lightup.Reference.V2_6_0/CodeAnalysis.Lightup.Reference.V2_6_0.csproj" />
    <Project Path="ref/CodeAnalysis.Lightup.Reference.V2_7_0/CodeAnalysis.Lightup.Reference.V2_7_0.csproj" />
    <Project Path="ref/CodeAnalysis.Lightup.Reference.V2_8_0/CodeAnalysis.Lightup.Reference.V2_8_0.csproj" />
    <Project Path="ref/CodeAnalysis.Lightup.Reference.V2_9_0/CodeAnalysis.Lightup.Reference.V2_9_0.csproj" />
    <Project Path="ref/CodeAnalysis.Lightup.Reference.V3_0_0/CodeAnalysis.Lightup.Reference.V3_0_0.csproj" />
    <Project Path="ref/CodeAnalysis.Lightup.Reference.V3_10_0/CodeAnalysis.Lightup.Reference.V3_10_0.csproj" />
    <Project Path="ref/CodeAnalysis.Lightup.Reference.V3_11_0/CodeAnalysis.Lightup.Reference.V3_11_0.csproj" />
    <Project Path="ref/CodeAnalysis.Lightup.Reference.V3_1_0/CodeAnalysis.Lightup.Reference.V3_1_0.csproj" />
    <Project Path="ref/CodeAnalysis.Lightup.Reference.V3_2_0/CodeAnalysis.Lightup.Reference.V3_2_0.csproj" />
    <Project Path="ref/CodeAnalysis.Lightup.Reference.V3_3_0/CodeAnalysis.Lightup.Reference.V3_3_0.csproj" />
    <Project Path="ref/CodeAnalysis.Lightup.Reference.V3_4_0/CodeAnalysis.Lightup.Reference.V3_4_0.csproj" />
    <Project Path="ref/CodeAnalysis.Lightup.Reference.V3_5_0/CodeAnalysis.Lightup.Reference.V3_5_0.csproj" />
    <Project Path="ref/CodeAnalysis.Lightup.Reference.V3_6_0/CodeAnalysis.Lightup.Reference.V3_6_0.csproj" />
    <Project Path="ref/CodeAnalysis.Lightup.Reference.V3_7_0/CodeAnalysis.Lightup.Reference.V3_7_0.csproj" />
    <Project Path="ref/CodeAnalysis.Lightup.Reference.V3_8_0/CodeAnalysis.Lightup.Reference.V3_8_0.csproj" />
    <Project Path="ref/CodeAnalysis.Lightup.Reference.V3_9_0/CodeAnalysis.Lightup.Reference.V3_9_0.csproj" />
    <Project Path="ref/CodeAnalysis.Lightup.Reference.V4_0_1/CodeAnalysis.Lightup.Reference.V4_0_1.csproj" />
    <Project Path="ref/CodeAnalysis.Lightup.Reference.V4_10_0/CodeAnalysis.Lightup.Reference.V4_10_0.csproj" />
    <Project Path="ref/CodeAnalysis.Lightup.Reference.V4_11_0/CodeAnalysis.Lightup.Reference.V4_11_0.csproj" />
    <Project Path="ref/CodeAnalysis.Lightup.Reference.V4_12_0/CodeAnalysis.Lightup.Reference.V4_12_0.csproj" />
    <Project Path="ref/CodeAnalysis.Lightup.Reference.V4_13_0/CodeAnalysis.Lightup.Reference.V4_13_0.csproj" />
    <Project Path="ref/CodeAnalysis.Lightup.Reference.V4_14_0/CodeAnalysis.Lightup.Reference.V4_14_0.csproj" />
    <Project Path="ref/CodeAnalysis.Lightup.Reference.V4_1_0/CodeAnalysis.Lightup.Reference.V4_1_0.csproj" />
    <Project Path="ref/CodeAnalysis.Lightup.Reference.V4_2_0/CodeAnalysis.Lightup.Reference.V4_2_0.csproj" />
    <Project Path="ref/CodeAnalysis.Lightup.Reference.V4_3_0/CodeAnalysis.Lightup.Reference.V4_3_0.csproj" />
    <Project Path="ref/CodeAnalysis.Lightup.Reference.V4_4_0/CodeAnalysis.Lightup.Reference.V4_4_0.csproj" />
    <Project Path="ref/CodeAnalysis.Lightup.Reference.V4_5_0/CodeAnalysis.Lightup.Reference.V4_5_0.csproj" />
    <Project Path="ref/CodeAnalysis.Lightup.Reference.V4_6_0/CodeAnalysis.Lightup.Reference.V4_6_0.csproj" />
    <Project Path="ref/CodeAnalysis.Lightup.Reference.V4_7_0/CodeAnalysis.Lightup.Reference.V4_7_0.csproj" />
    <Project Path="ref/CodeAnalysis.Lightup.Reference.V4_8_0/CodeAnalysis.Lightup.Reference.V4_8_0.csproj" />
    <Project Path="ref/CodeAnalysis.Lightup.Reference.V4_9_2/CodeAnalysis.Lightup.Reference.V4_9_2.csproj" />
    <Project Path="ref/CodeAnalysis.Lightup.Reference.V5_0_0/CodeAnalysis.Lightup.Reference.V5_0_0.csproj" />
    <Project Path="ref/CodeAnalysis.Lightup.Reference.V5_3_0/CodeAnalysis.Lightup.Reference.V5_3_0.csproj" />
    <Project Path="ref/CodeAnalysis.Lightup.Reference.V5_6_0/CodeAnalysis.Lightup.Reference.V5_6_0.csproj" />
    <Project Path="ref/CodeAnalysis.Lightup.Reference.V5_9_0/CodeAnalysis.Lightup.Reference.V5_9_0.csproj" />
  </Folder>
  <Folder Name="/3 - src/">
    <Project Path="src/CodeAnalysis.Lightup.Collector/CodeAnalysis.Lightup.Collector.csproj" />
    <Project Path="src/CodeAnalysis.Lightup.Definitions/CodeAnalysis.Lightup.Definitions.csproj" />
    <Project Path="src/CodeAnalysis.Lightup.Generator/CodeAnalysis.Lightup.Generator.csproj" />
    <Project Path="src/CodeAnalysis.Lightup.Runtime/CodeAnalysis.Lightup.Runtime.csproj" />
  </Folder>
  <Folder Name="/4 - test/">
    <Project Path="test/CodeAnalysis.Lightup.Example.Analyzers/CodeAnalysis.Lightup.Example.Analyzers.csproj" />
    <Project Path="test/CodeAnalysis.Lightup.Example.CodeFixes/CodeAnalysis.Lightup.Example.CodeFixes.csproj" />
    <Project Path="test/CodeAnalysis.Lightup.Example.CSharp6/CodeAnalysis.Lightup.Example.CSharp6.csproj" />
    <Project Path="test/CodeAnalysis.Lightup.Test.Generator.V4_0_1/CodeAnalysis.Lightup.Test.Generator.V4_0_1.csproj" />
    <Project Path="test/CodeAnalysis.Lightup.Test.Generator.V4_6_0/CodeAnalysis.Lightup.Test.Generator.V4_6_0.csproj" />
    <Project Path="test/CodeAnalysis.Lightup.Test.Internal/CodeAnalysis.Lightup.Test.Internal.csproj" />
    <Project Path="test/CodeAnalysis.Lightup.Test.Support/CodeAnalysis.Lightup.Test.Support.csproj" />
    <Project Path="test/CodeAnalysis.Lightup.Test.V1_3_2/CodeAnalysis.Lightup.Test.V1_3_2.csproj" />
    <Project Path="test/CodeAnalysis.Lightup.Test.V2_0_0/CodeAnalysis.Lightup.Test.V2_0_0.csproj" />
    <Project Path="test/CodeAnalysis.Lightup.Test.V2_3_2/CodeAnalysis.Lightup.Test.V2_3_2.csproj" />
    <Project Path="test/CodeAnalysis.Lightup.Test.V2_6_1/CodeAnalysis.Lightup.Test.V2_6_1.csproj" />
    <Project Path="test/CodeAnalysis.Lightup.Test.V2_8_2/CodeAnalysis.Lightup.Test.V2_8_2.csproj" />
    <Project Path="test/CodeAnalysis.Lightup.Test.V3_0_0/CodeAnalysis.Lightup.Test.V3_0_0.csproj" />
    <Project Path="test/CodeAnalysis.Lightup.Test.V3_8_0/CodeAnalysis.Lightup.Test.V3_8_0.csproj" />
    <Project Path="test/CodeAnalysis.Lightup.Test.V4_0_1/CodeAnalysis.Lightup.Test.V4_0_1.csproj" />
    <Project Path="test/CodeAnalysis.Lightup.Test.V4_12_0/CodeAnalysis.Lightup.Test.V4_12_0.csproj" />
    <Project Path="test/CodeAnalysis.Lightup.Test.V4_4_0/CodeAnalysis.Lightup.Test.V4_4_0.csproj" />
    <Project Path="test/CodeAnalysis.Lightup.Test.V4_8_0/CodeAnalysis.Lightup.Test.V4_8_0.csproj" />
    <Project Path="test/CodeAnalysis.Lightup.Test.V5_0_0/CodeAnalysis.Lightup.Test.V5_0_0.csproj" />
  </Folder>
</Solution>
