
Microsoft Visual Studio Solution File, Format Version 12.00
# Visual Studio Version 17
VisualStudioVersion = 17.8.34511.84
MinimumVisualStudioVersion = 10.0.40219.1
Project("{2150E333-8FDC-42A3-9474-1A3956D46DE8}") = "0 - Solution Items", "0 - Solution Items", "{81BD22A1-2666-4966-B473-548B9610D73B}"
	ProjectSection(SolutionItems) = preProject
		.editorconfig = .editorconfig
		.gitattributes = .gitattributes
		.gitignore = .gitignore
		Configuration.schema.json = Configuration.schema.json
		Directory.Build.props = Directory.Build.props
		.github\workflows\dotnet.yml = .github\workflows\dotnet.yml
		HOWTO.md = HOWTO.md
		LICENSE.txt = LICENSE.txt
		nuget.config = nuget.config
		README.md = README.md
		stylecop.json = stylecop.json
	EndProjectSection
EndProject
Project("{9A19103F-16F7-4668-BE54-9A1E7A4F7556}") = "CodeAnalysis.Lightup.Collector", "src\CodeAnalysis.Lightup.Collector\CodeAnalysis.Lightup.Collector.csproj", "{33624620-A2ED-4346-8A61-6CF055F1D4C6}"
EndProject
Project("{9A19103F-16F7-4668-BE54-9A1E7A4F7556}") = "CodeAnalysis.Lightup.Definitions", "src\CodeAnalysis.Lightup.Definitions\CodeAnalysis.Lightup.Definitions.csproj", "{0F4BA8A3-FB3D-4E2B-8576-A99CDA5656DB}"
EndProject
Project("{9A19103F-16F7-4668-BE54-9A1E7A4F7556}") = "CodeAnalysis.Lightup.Generator", "src\CodeAnalysis.Lightup.Generator\CodeAnalysis.Lightup.Generator.csproj", "{B64F81F3-3AD2-4D54-B61E-5C3E59C2A1B4}"
EndProject
Project("{9A19103F-16F7-4668-BE54-9A1E7A4F7556}") = "CodeAnalysis.Lightup.Runtime", "src\CodeAnalysis.Lightup.Runtime\CodeAnalysis.Lightup.Runtime.csproj", "{DF6641B0-2488-46F5-BB43-DF689F905871}"
EndProject
Project("{9A19103F-16F7-4668-BE54-9A1E7A4F7556}") = "CodeAnalysis.Lightup.Example.Analyzers", "test\CodeAnalysis.Lightup.Example.Analyzers\CodeAnalysis.Lightup.Example.Analyzers.csproj", "{3A2AD8EA-36A8-4462-A63D-2EA270105108}"
EndProject
Project("{9A19103F-16F7-4668-BE54-9A1E7A4F7556}") = "CodeAnalysis.Lightup.Example.CodeFixes", "test\CodeAnalysis.Lightup.Example.CodeFixes\CodeAnalysis.Lightup.Example.CodeFixes.csproj", "{C4424DD5-7DE5-441C-99EB-76FFFA910E6E}"
EndProject
Project("{FAE04EC0-301F-11D3-BF4B-00C04F79EFBC}") = "CodeAnalysis.Lightup.Example.CSharp6", "test\CodeAnalysis.Lightup.Example.CSharp6\CodeAnalysis.Lightup.Example.CSharp6.csproj", "{9643947F-4A65-4D3C-83CE-65BB081492C6}"
EndProject
Project("{9A19103F-16F7-4668-BE54-9A1E7A4F7556}") = "CodeAnalysis.Lightup.Test.Generator.V4_0_1", "test\CodeAnalysis.Lightup.Test.Generator.V4_0_1\CodeAnalysis.Lightup.Test.Generator.V4_0_1.csproj", "{32CFC390-DECC-4BDB-8AFD-AEDF9AB2714F}"
EndProject
Project("{FAE04EC0-301F-11D3-BF4B-00C04F79EFBC}") = "CodeAnalysis.Lightup.Test.Generator.V4_6_0", "test\CodeAnalysis.Lightup.Test.Generator.V4_6_0\CodeAnalysis.Lightup.Test.Generator.V4_6_0.csproj", "{183AEAD6-7A11-4C72-93BF-1E18714EAFA5}"
EndProject
Project("{9A19103F-16F7-4668-BE54-9A1E7A4F7556}") = "CodeAnalysis.Lightup.Test.Internal", "test\CodeAnalysis.Lightup.Test.Internal\CodeAnalysis.Lightup.Test.Internal.csproj", "{E75915B2-B112-42C2-AC13-0A5190C304B9}"
EndProject
Project("{9A19103F-16F7-4668-BE54-9A1E7A4F7556}") = "CodeAnalysis.Lightup.Test.Support", "test\CodeAnalysis.Lightup.Test.Support\CodeAnalysis.Lightup.Test.Support.csproj", "{76508F2B-3484-4618-BC2E-A883A5670532}"
EndProject
Project("{FAE04EC0-301F-11D3-BF4B-00C04F79EFBC}") = "CodeAnalysis.Lightup.Test.V2_8_2", "test\CodeAnalysis.Lightup.Test.V2_8_2\CodeAnalysis.Lightup.Test.V2_8_2.csproj", "{EBFB140F-0AB8-48B3-90CC-AC55A0537662}"
EndProject
Project("{9A19103F-16F7-4668-BE54-9A1E7A4F7556}") = "CodeAnalysis.Lightup.Test.V3_0_0", "test\CodeAnalysis.Lightup.Test.V3_0_0\CodeAnalysis.Lightup.Test.V3_0_0.csproj", "{F375961C-1693-490B-B2A5-C8FCDCD07696}"
EndProject
Project("{9A19103F-16F7-4668-BE54-9A1E7A4F7556}") = "CodeAnalysis.Lightup.Test.V3_8_0", "test\CodeAnalysis.Lightup.Test.V3_8_0\CodeAnalysis.Lightup.Test.V3_8_0.csproj", "{430FC4C4-9FF2-4E21-B9B1-02196582E4C8}"
EndProject
Project("{9A19103F-16F7-4668-BE54-9A1E7A4F7556}") = "CodeAnalysis.Lightup.Test.V4_0_1", "test\CodeAnalysis.Lightup.Test.V4_0_1\CodeAnalysis.Lightup.Test.V4_0_1.csproj", "{5317C65F-971D-49AD-B28A-35D0C644E138}"
EndProject
Project("{9A19103F-16F7-4668-BE54-9A1E7A4F7556}") = "CodeAnalysis.Lightup.Test.V4_4_0", "test\CodeAnalysis.Lightup.Test.V4_4_0\CodeAnalysis.Lightup.Test.V4_4_0.csproj", "{8FA55692-CDE9-40F9-AF42-1A00F2DF34E7}"
EndProject
Project("{9A19103F-16F7-4668-BE54-9A1E7A4F7556}") = "CodeAnalysis.Lightup.Test.V4_8_0", "test\CodeAnalysis.Lightup.Test.V4_8_0\CodeAnalysis.Lightup.Test.V4_8_0.csproj", "{CC5C75D7-F559-4855-AB9F-34FB2F6F5D0F}"
EndProject
Project("{FAE04EC0-301F-11D3-BF4B-00C04F79EFBC}") = "CodeAnalysis.Lightup.Test.V4_12_0", "test\CodeAnalysis.Lightup.Test.V4_12_0\CodeAnalysis.Lightup.Test.V4_12_0.csproj", "{BF54F48A-2353-4D6A-886E-4B7108BE7621}"
EndProject
Project("{FAE04EC0-301F-11D3-BF4B-00C04F79EFBC}") = "CodeAnalysis.Lightup.Reference.V2_8_0", "ref\CodeAnalysis.Lightup.Reference.V2_8_0\CodeAnalysis.Lightup.Reference.V2_8_0.csproj", "{32AC6FF4-BA46-48EC-84CC-5A5A6E938096}"
EndProject
Project("{FAE04EC0-301F-11D3-BF4B-00C04F79EFBC}") = "CodeAnalysis.Lightup.Reference.V2_9_0", "ref\CodeAnalysis.Lightup.Reference.V2_9_0\CodeAnalysis.Lightup.Reference.V2_9_0.csproj", "{E1C29D3A-5EB3-4639-BC96-1F32811CBDB6}"
EndProject
Project("{FAE04EC0-301F-11D3-BF4B-00C04F79EFBC}") = "CodeAnalysis.Lightup.Reference.V2_10_0", "ref\CodeAnalysis.Lightup.Reference.V2_10_0\CodeAnalysis.Lightup.Reference.V2_10_0.csproj", "{30DE608C-572A-4ABB-89CE-44CB0D335AA3}"
EndProject
Project("{FAE04EC0-301F-11D3-BF4B-00C04F79EFBC}") = "CodeAnalysis.Lightup.Reference.V3_0_0", "ref\CodeAnalysis.Lightup.Reference.V3_0_0\CodeAnalysis.Lightup.Reference.V3_0_0.csproj", "{AA325A76-394D-4F8A-8F53-93508A72A15F}"
EndProject
Project("{FAE04EC0-301F-11D3-BF4B-00C04F79EFBC}") = "CodeAnalysis.Lightup.Reference.V3_1_0", "ref\CodeAnalysis.Lightup.Reference.V3_1_0\CodeAnalysis.Lightup.Reference.V3_1_0.csproj", "{4C84BD80-47A4-4650-882D-33ACA557463B}"
EndProject
Project("{FAE04EC0-301F-11D3-BF4B-00C04F79EFBC}") = "CodeAnalysis.Lightup.Reference.V3_2_0", "ref\CodeAnalysis.Lightup.Reference.V3_2_0\CodeAnalysis.Lightup.Reference.V3_2_0.csproj", "{BBB5A5C1-336F-4C82-A3C6-44379181EDAF}"
EndProject
Project("{FAE04EC0-301F-11D3-BF4B-00C04F79EFBC}") = "CodeAnalysis.Lightup.Reference.V3_3_0", "ref\CodeAnalysis.Lightup.Reference.V3_3_0\CodeAnalysis.Lightup.Reference.V3_3_0.csproj", "{C506AD09-4836-42EC-B3E6-44C0947CB873}"
EndProject
Project("{FAE04EC0-301F-11D3-BF4B-00C04F79EFBC}") = "CodeAnalysis.Lightup.Reference.V3_4_0", "ref\CodeAnalysis.Lightup.Reference.V3_4_0\CodeAnalysis.Lightup.Reference.V3_4_0.csproj", "{0AA7A3D7-3F46-4F51-B90F-93427684871B}"
EndProject
Project("{FAE04EC0-301F-11D3-BF4B-00C04F79EFBC}") = "CodeAnalysis.Lightup.Reference.V3_5_0", "ref\CodeAnalysis.Lightup.Reference.V3_5_0\CodeAnalysis.Lightup.Reference.V3_5_0.csproj", "{D9013E76-52F7-48F2-929F-FE0307516914}"
EndProject
Project("{FAE04EC0-301F-11D3-BF4B-00C04F79EFBC}") = "CodeAnalysis.Lightup.Reference.V3_6_0", "ref\CodeAnalysis.Lightup.Reference.V3_6_0\CodeAnalysis.Lightup.Reference.V3_6_0.csproj", "{36276081-54EB-40B3-802D-6196A4EEDF3B}"
EndProject
Project("{FAE04EC0-301F-11D3-BF4B-00C04F79EFBC}") = "CodeAnalysis.Lightup.Reference.V3_7_0", "ref\CodeAnalysis.Lightup.Reference.V3_7_0\CodeAnalysis.Lightup.Reference.V3_7_0.csproj", "{64F84458-550B-4AFE-B972-94789DE5DA41}"
EndProject
Project("{FAE04EC0-301F-11D3-BF4B-00C04F79EFBC}") = "CodeAnalysis.Lightup.Reference.V3_8_0", "ref\CodeAnalysis.Lightup.Reference.V3_8_0\CodeAnalysis.Lightup.Reference.V3_8_0.csproj", "{2A095C4D-FCAA-4F6B-9E37-EA07BE7A18F2}"
EndProject
Project("{FAE04EC0-301F-11D3-BF4B-00C04F79EFBC}") = "CodeAnalysis.Lightup.Reference.V3_9_0", "ref\CodeAnalysis.Lightup.Reference.V3_9_0\CodeAnalysis.Lightup.Reference.V3_9_0.csproj", "{14857784-9984-47C4-9E31-152999E4E8B9}"
EndProject
Project("{FAE04EC0-301F-11D3-BF4B-00C04F79EFBC}") = "CodeAnalysis.Lightup.Reference.V3_10_0", "ref\CodeAnalysis.Lightup.Reference.V3_10_0\CodeAnalysis.Lightup.Reference.V3_10_0.csproj", "{216E04D4-DF51-4CDF-8D14-9BF702F53A89}"
EndProject
Project("{FAE04EC0-301F-11D3-BF4B-00C04F79EFBC}") = "CodeAnalysis.Lightup.Reference.V3_11_0", "ref\CodeAnalysis.Lightup.Reference.V3_11_0\CodeAnalysis.Lightup.Reference.V3_11_0.csproj", "{40D2591A-7E13-4EEE-B135-18B61B76CDCE}"
EndProject
Project("{FAE04EC0-301F-11D3-BF4B-00C04F79EFBC}") = "CodeAnalysis.Lightup.Reference.V4_0_1", "ref\CodeAnalysis.Lightup.Reference.V4_0_1\CodeAnalysis.Lightup.Reference.V4_0_1.csproj", "{43D5270D-A57D-42B2-B94D-10B8E71276B8}"
EndProject
Project("{FAE04EC0-301F-11D3-BF4B-00C04F79EFBC}") = "CodeAnalysis.Lightup.Reference.V4_1_0", "ref\CodeAnalysis.Lightup.Reference.V4_1_0\CodeAnalysis.Lightup.Reference.V4_1_0.csproj", "{DB2B65A7-EEBB-45F7-8C96-568218765079}"
EndProject
Project("{FAE04EC0-301F-11D3-BF4B-00C04F79EFBC}") = "CodeAnalysis.Lightup.Reference.V4_2_0", "ref\CodeAnalysis.Lightup.Reference.V4_2_0\CodeAnalysis.Lightup.Reference.V4_2_0.csproj", "{5BC2948A-64B3-4770-84A2-344BD37AB783}"
EndProject
Project("{FAE04EC0-301F-11D3-BF4B-00C04F79EFBC}") = "CodeAnalysis.Lightup.Reference.V4_3_0", "ref\CodeAnalysis.Lightup.Reference.V4_3_0\CodeAnalysis.Lightup.Reference.V4_3_0.csproj", "{B9699DBC-683A-4546-9310-C1CD64CB2AB8}"
EndProject
Project("{FAE04EC0-301F-11D3-BF4B-00C04F79EFBC}") = "CodeAnalysis.Lightup.Reference.V4_4_0", "ref\CodeAnalysis.Lightup.Reference.V4_4_0\CodeAnalysis.Lightup.Reference.V4_4_0.csproj", "{ECA4FC3B-6B04-4159-9174-088DC0F80967}"
EndProject
Project("{FAE04EC0-301F-11D3-BF4B-00C04F79EFBC}") = "CodeAnalysis.Lightup.Reference.V4_5_0", "ref\CodeAnalysis.Lightup.Reference.V4_5_0\CodeAnalysis.Lightup.Reference.V4_5_0.csproj", "{FA8BB824-867C-4DDB-B4DD-E4A6CB6A4A60}"
EndProject
Project("{FAE04EC0-301F-11D3-BF4B-00C04F79EFBC}") = "CodeAnalysis.Lightup.Reference.V4_6_0", "ref\CodeAnalysis.Lightup.Reference.V4_6_0\CodeAnalysis.Lightup.Reference.V4_6_0.csproj", "{54A2AAF2-7954-454F-9E72-4921BDF5B953}"
EndProject
Project("{FAE04EC0-301F-11D3-BF4B-00C04F79EFBC}") = "CodeAnalysis.Lightup.Reference.V4_7_0", "ref\CodeAnalysis.Lightup.Reference.V4_7_0\CodeAnalysis.Lightup.Reference.V4_7_0.csproj", "{51F7216C-3C81-476B-8E1E-C5BAA48EAC1A}"
EndProject
Project("{FAE04EC0-301F-11D3-BF4B-00C04F79EFBC}") = "CodeAnalysis.Lightup.Reference.V4_8_0", "ref\CodeAnalysis.Lightup.Reference.V4_8_0\CodeAnalysis.Lightup.Reference.V4_8_0.csproj", "{1559FB87-8D6D-4F6C-9219-A0D6F1EB80A0}"
EndProject
Project("{FAE04EC0-301F-11D3-BF4B-00C04F79EFBC}") = "CodeAnalysis.Lightup.Reference.V4_9_2", "ref\CodeAnalysis.Lightup.Reference.V4_9_2\CodeAnalysis.Lightup.Reference.V4_9_2.csproj", "{B6FCB1E3-4C9B-4D5C-B44F-AE2E3E21FD82}"
EndProject
Project("{FAE04EC0-301F-11D3-BF4B-00C04F79EFBC}") = "CodeAnalysis.Lightup.Reference.V4_10_0", "ref\CodeAnalysis.Lightup.Reference.V4_10_0\CodeAnalysis.Lightup.Reference.V4_10_0.csproj", "{14069368-9AD4-46E4-B431-CC56946D7B12}"
EndProject
Project("{FAE04EC0-301F-11D3-BF4B-00C04F79EFBC}") = "CodeAnalysis.Lightup.Reference.V4_11_0", "ref\CodeAnalysis.Lightup.Reference.V4_11_0\CodeAnalysis.Lightup.Reference.V4_11_0.csproj", "{E7CCF4A6-BE86-4737-9917-5AF1BA598586}"
EndProject
Project("{FAE04EC0-301F-11D3-BF4B-00C04F79EFBC}") = "CodeAnalysis.Lightup.Reference.V4_12_0", "ref\CodeAnalysis.Lightup.Reference.V4_12_0\CodeAnalysis.Lightup.Reference.V4_12_0.csproj", "{C846DD1D-4888-471F-A15C-F375AA4CD778}"
EndProject
Project("{2150E333-8FDC-42A3-9474-1A3956D46DE8}") = "1 - doc", "1 - doc", "{BC2ED45C-25E9-48E1-A788-1A3930DACDC3}"
	ProjectSection(SolutionItems) = preProject
		doc\RoslynLightup001.md = doc\RoslynLightup001.md
		doc\RoslynLightup002.md = doc\RoslynLightup002.md
	EndProjectSection
EndProject
Project("{2150E333-8FDC-42A3-9474-1A3956D46DE8}") = "2 - ref", "2 - ref", "{8025D67E-DC02-42AB-9D7A-947300E602EA}"
EndProject
Project("{2150E333-8FDC-42A3-9474-1A3956D46DE8}") = "3 - src", "3 - src", "{CE401EEE-7B30-47E3-9983-1E266B735B74}"
EndProject
Project("{2150E333-8FDC-42A3-9474-1A3956D46DE8}") = "4 - test", "4 - test", "{BAAC483E-FBEB-4B2D-845D-BAAFDE600BB3}"
EndProject
Global
	GlobalSection(SolutionConfigurationPlatforms) = preSolution
		Debug|Any CPU = Debug|Any CPU
		Release|Any CPU = Release|Any CPU
	EndGlobalSection
	GlobalSection(ProjectConfigurationPlatforms) = postSolution
		{33624620-A2ED-4346-8A61-6CF055F1D4C6}.Debug|Any CPU.ActiveCfg = Debug|Any CPU
		{33624620-A2ED-4346-8A61-6CF055F1D4C6}.Debug|Any CPU.Build.0 = Debug|Any CPU
		{33624620-A2ED-4346-8A61-6CF055F1D4C6}.Release|Any CPU.ActiveCfg = Release|Any CPU
		{33624620-A2ED-4346-8A61-6CF055F1D4C6}.Release|Any CPU.Build.0 = Release|Any CPU
		{0F4BA8A3-FB3D-4E2B-8576-A99CDA5656DB}.Debug|Any CPU.ActiveCfg = Debug|Any CPU
		{0F4BA8A3-FB3D-4E2B-8576-A99CDA5656DB}.Debug|Any CPU.Build.0 = Debug|Any CPU
		{0F4BA8A3-FB3D-4E2B-8576-A99CDA5656DB}.Release|Any CPU.ActiveCfg = Release|Any CPU
		{0F4BA8A3-FB3D-4E2B-8576-A99CDA5656DB}.Release|Any CPU.Build.0 = Release|Any CPU
		{B64F81F3-3AD2-4D54-B61E-5C3E59C2A1B4}.Debug|Any CPU.ActiveCfg = Debug|Any CPU
		{B64F81F3-3AD2-4D54-B61E-5C3E59C2A1B4}.Debug|Any CPU.Build.0 = Debug|Any CPU
		{B64F81F3-3AD2-4D54-B61E-5C3E59C2A1B4}.Release|Any CPU.ActiveCfg = Release|Any CPU
		{B64F81F3-3AD2-4D54-B61E-5C3E59C2A1B4}.Release|Any CPU.Build.0 = Release|Any CPU
		{DF6641B0-2488-46F5-BB43-DF689F905871}.Debug|Any CPU.ActiveCfg = Debug|Any CPU
		{DF6641B0-2488-46F5-BB43-DF689F905871}.Debug|Any CPU.Build.0 = Debug|Any CPU
		{DF6641B0-2488-46F5-BB43-DF689F905871}.Release|Any CPU.ActiveCfg = Release|Any CPU
		{DF6641B0-2488-46F5-BB43-DF689F905871}.Release|Any CPU.Build.0 = Release|Any CPU
		{3A2AD8EA-36A8-4462-A63D-2EA270105108}.Debug|Any CPU.ActiveCfg = Debug|Any CPU
		{3A2AD8EA-36A8-4462-A63D-2EA270105108}.Debug|Any CPU.Build.0 = Debug|Any CPU
		{3A2AD8EA-36A8-4462-A63D-2EA270105108}.Release|Any CPU.ActiveCfg = Release|Any CPU
		{3A2AD8EA-36A8-4462-A63D-2EA270105108}.Release|Any CPU.Build.0 = Release|Any CPU
		{C4424DD5-7DE5-441C-99EB-76FFFA910E6E}.Debug|Any CPU.ActiveCfg = Debug|Any CPU
		{C4424DD5-7DE5-441C-99EB-76FFFA910E6E}.Debug|Any CPU.Build.0 = Debug|Any CPU
		{C4424DD5-7DE5-441C-99EB-76FFFA910E6E}.Release|Any CPU.ActiveCfg = Release|Any CPU
		{C4424DD5-7DE5-441C-99EB-76FFFA910E6E}.Release|Any CPU.Build.0 = Release|Any CPU
		{9643947F-4A65-4D3C-83CE-65BB081492C6}.Debug|Any CPU.ActiveCfg = Debug|Any CPU
		{9643947F-4A65-4D3C-83CE-65BB081492C6}.Debug|Any CPU.Build.0 = Debug|Any CPU
		{9643947F-4A65-4D3C-83CE-65BB081492C6}.Release|Any CPU.ActiveCfg = Release|Any CPU
		{9643947F-4A65-4D3C-83CE-65BB081492C6}.Release|Any CPU.Build.0 = Release|Any CPU
		{32CFC390-DECC-4BDB-8AFD-AEDF9AB2714F}.Debug|Any CPU.ActiveCfg = Debug|Any CPU
		{32CFC390-DECC-4BDB-8AFD-AEDF9AB2714F}.Debug|Any CPU.Build.0 = Debug|Any CPU
		{32CFC390-DECC-4BDB-8AFD-AEDF9AB2714F}.Release|Any CPU.ActiveCfg = Release|Any CPU
		{32CFC390-DECC-4BDB-8AFD-AEDF9AB2714F}.Release|Any CPU.Build.0 = Release|Any CPU
		{183AEAD6-7A11-4C72-93BF-1E18714EAFA5}.Debug|Any CPU.ActiveCfg = Debug|Any CPU
		{183AEAD6-7A11-4C72-93BF-1E18714EAFA5}.Debug|Any CPU.Build.0 = Debug|Any CPU
		{183AEAD6-7A11-4C72-93BF-1E18714EAFA5}.Release|Any CPU.ActiveCfg = Release|Any CPU
		{183AEAD6-7A11-4C72-93BF-1E18714EAFA5}.Release|Any CPU.Build.0 = Release|Any CPU
		{E75915B2-B112-42C2-AC13-0A5190C304B9}.Debug|Any CPU.ActiveCfg = Debug|Any CPU
		{E75915B2-B112-42C2-AC13-0A5190C304B9}.Debug|Any CPU.Build.0 = Debug|Any CPU
		{E75915B2-B112-42C2-AC13-0A5190C304B9}.Release|Any CPU.ActiveCfg = Release|Any CPU
		{E75915B2-B112-42C2-AC13-0A5190C304B9}.Release|Any CPU.Build.0 = Release|Any CPU
		{76508F2B-3484-4618-BC2E-A883A5670532}.Debug|Any CPU.ActiveCfg = Debug|Any CPU
		{76508F2B-3484-4618-BC2E-A883A5670532}.Debug|Any CPU.Build.0 = Debug|Any CPU
		{76508F2B-3484-4618-BC2E-A883A5670532}.Release|Any CPU.ActiveCfg = Release|Any CPU
		{76508F2B-3484-4618-BC2E-A883A5670532}.Release|Any CPU.Build.0 = Release|Any CPU
		{EBFB140F-0AB8-48B3-90CC-AC55A0537662}.Debug|Any CPU.ActiveCfg = Debug|Any CPU
		{EBFB140F-0AB8-48B3-90CC-AC55A0537662}.Debug|Any CPU.Build.0 = Debug|Any CPU
		{EBFB140F-0AB8-48B3-90CC-AC55A0537662}.Release|Any CPU.ActiveCfg = Release|Any CPU
		{EBFB140F-0AB8-48B3-90CC-AC55A0537662}.Release|Any CPU.Build.0 = Release|Any CPU
		{F375961C-1693-490B-B2A5-C8FCDCD07696}.Debug|Any CPU.ActiveCfg = Debug|Any CPU
		{F375961C-1693-490B-B2A5-C8FCDCD07696}.Debug|Any CPU.Build.0 = Debug|Any CPU
		{F375961C-1693-490B-B2A5-C8FCDCD07696}.Release|Any CPU.ActiveCfg = Release|Any CPU
		{F375961C-1693-490B-B2A5-C8FCDCD07696}.Release|Any CPU.Build.0 = Release|Any CPU
		{430FC4C4-9FF2-4E21-B9B1-02196582E4C8}.Debug|Any CPU.ActiveCfg = Debug|Any CPU
		{430FC4C4-9FF2-4E21-B9B1-02196582E4C8}.Debug|Any CPU.Build.0 = Debug|Any CPU
		{430FC4C4-9FF2-4E21-B9B1-02196582E4C8}.Release|Any CPU.ActiveCfg = Release|Any CPU
		{430FC4C4-9FF2-4E21-B9B1-02196582E4C8}.Release|Any CPU.Build.0 = Release|Any CPU
		{5317C65F-971D-49AD-B28A-35D0C644E138}.Debug|Any CPU.ActiveCfg = Debug|Any CPU
		{5317C65F-971D-49AD-B28A-35D0C644E138}.Debug|Any CPU.Build.0 = Debug|Any CPU
		{5317C65F-971D-49AD-B28A-35D0C644E138}.Release|Any CPU.ActiveCfg = Release|Any CPU
		{5317C65F-971D-49AD-B28A-35D0C644E138}.Release|Any CPU.Build.0 = Release|Any CPU
		{8FA55692-CDE9-40F9-AF42-1A00F2DF34E7}.Debug|Any CPU.ActiveCfg = Debug|Any CPU
		{8FA55692-CDE9-40F9-AF42-1A00F2DF34E7}.Debug|Any CPU.Build.0 = Debug|Any CPU
		{8FA55692-CDE9-40F9-AF42-1A00F2DF34E7}.Release|Any CPU.ActiveCfg = Release|Any CPU
		{8FA55692-CDE9-40F9-AF42-1A00F2DF34E7}.Release|Any CPU.Build.0 = Release|Any CPU
		{CC5C75D7-F559-4855-AB9F-34FB2F6F5D0F}.Debug|Any CPU.ActiveCfg = Debug|Any CPU
		{CC5C75D7-F559-4855-AB9F-34FB2F6F5D0F}.Debug|Any CPU.Build.0 = Debug|Any CPU
		{CC5C75D7-F559-4855-AB9F-34FB2F6F5D0F}.Release|Any CPU.ActiveCfg = Release|Any CPU
		{CC5C75D7-F559-4855-AB9F-34FB2F6F5D0F}.Release|Any CPU.Build.0 = Release|Any CPU
		{BF54F48A-2353-4D6A-886E-4B7108BE7621}.Debug|Any CPU.ActiveCfg = Debug|Any CPU
		{BF54F48A-2353-4D6A-886E-4B7108BE7621}.Debug|Any CPU.Build.0 = Debug|Any CPU
		{BF54F48A-2353-4D6A-886E-4B7108BE7621}.Release|Any CPU.ActiveCfg = Release|Any CPU
		{BF54F48A-2353-4D6A-886E-4B7108BE7621}.Release|Any CPU.Build.0 = Release|Any CPU
		{32AC6FF4-BA46-48EC-84CC-5A5A6E938096}.Debug|Any CPU.ActiveCfg = Debug|Any CPU
		{32AC6FF4-BA46-48EC-84CC-5A5A6E938096}.Debug|Any CPU.Build.0 = Debug|Any CPU
		{32AC6FF4-BA46-48EC-84CC-5A5A6E938096}.Release|Any CPU.ActiveCfg = Release|Any CPU
		{32AC6FF4-BA46-48EC-84CC-5A5A6E938096}.Release|Any CPU.Build.0 = Release|Any CPU
		{E1C29D3A-5EB3-4639-BC96-1F32811CBDB6}.Debug|Any CPU.ActiveCfg = Debug|Any CPU
		{E1C29D3A-5EB3-4639-BC96-1F32811CBDB6}.Debug|Any CPU.Build.0 = Debug|Any CPU
		{E1C29D3A-5EB3-4639-BC96-1F32811CBDB6}.Release|Any CPU.ActiveCfg = Release|Any CPU
		{E1C29D3A-5EB3-4639-BC96-1F32811CBDB6}.Release|Any CPU.Build.0 = Release|Any CPU
		{30DE608C-572A-4ABB-89CE-44CB0D335AA3}.Debug|Any CPU.ActiveCfg = Debug|Any CPU
		{30DE608C-572A-4ABB-89CE-44CB0D335AA3}.Debug|Any CPU.Build.0 = Debug|Any CPU
		{30DE608C-572A-4ABB-89CE-44CB0D335AA3}.Release|Any CPU.ActiveCfg = Release|Any CPU
		{30DE608C-572A-4ABB-89CE-44CB0D335AA3}.Release|Any CPU.Build.0 = Release|Any CPU
		{AA325A76-394D-4F8A-8F53-93508A72A15F}.Debug|Any CPU.ActiveCfg = Debug|Any CPU
		{AA325A76-394D-4F8A-8F53-93508A72A15F}.Debug|Any CPU.Build.0 = Debug|Any CPU
		{AA325A76-394D-4F8A-8F53-93508A72A15F}.Release|Any CPU.ActiveCfg = Release|Any CPU
		{AA325A76-394D-4F8A-8F53-93508A72A15F}.Release|Any CPU.Build.0 = Release|Any CPU
		{4C84BD80-47A4-4650-882D-33ACA557463B}.Debug|Any CPU.ActiveCfg = Debug|Any CPU
		{4C84BD80-47A4-4650-882D-33ACA557463B}.Debug|Any CPU.Build.0 = Debug|Any CPU
		{4C84BD80-47A4-4650-882D-33ACA557463B}.Release|Any CPU.ActiveCfg = Release|Any CPU
		{4C84BD80-47A4-4650-882D-33ACA557463B}.Release|Any CPU.Build.0 = Release|Any CPU
		{BBB5A5C1-336F-4C82-A3C6-44379181EDAF}.Debug|Any CPU.ActiveCfg = Debug|Any CPU
		{BBB5A5C1-336F-4C82-A3C6-44379181EDAF}.Debug|Any CPU.Build.0 = Debug|Any CPU
		{BBB5A5C1-336F-4C82-A3C6-44379181EDAF}.Release|Any CPU.ActiveCfg = Release|Any CPU
		{BBB5A5C1-336F-4C82-A3C6-44379181EDAF}.Release|Any CPU.Build.0 = Release|Any CPU
		{C506AD09-4836-42EC-B3E6-44C0947CB873}.Debug|Any CPU.ActiveCfg = Debug|Any CPU
		{C506AD09-4836-42EC-B3E6-44C0947CB873}.Debug|Any CPU.Build.0 = Debug|Any CPU
		{C506AD09-4836-42EC-B3E6-44C0947CB873}.Release|Any CPU.ActiveCfg = Release|Any CPU
		{C506AD09-4836-42EC-B3E6-44C0947CB873}.Release|Any CPU.Build.0 = Release|Any CPU
		{0AA7A3D7-3F46-4F51-B90F-93427684871B}.Debug|Any CPU.ActiveCfg = Debug|Any CPU
		{0AA7A3D7-3F46-4F51-B90F-93427684871B}.Debug|Any CPU.Build.0 = Debug|Any CPU
		{0AA7A3D7-3F46-4F51-B90F-93427684871B}.Release|Any CPU.ActiveCfg = Release|Any CPU
		{0AA7A3D7-3F46-4F51-B90F-93427684871B}.Release|Any CPU.Build.0 = Release|Any CPU
		{D9013E76-52F7-48F2-929F-FE0307516914}.Debug|Any CPU.ActiveCfg = Debug|Any CPU
		{D9013E76-52F7-48F2-929F-FE0307516914}.Debug|Any CPU.Build.0 = Debug|Any CPU
		{D9013E76-52F7-48F2-929F-FE0307516914}.Release|Any CPU.ActiveCfg = Release|Any CPU
		{D9013E76-52F7-48F2-929F-FE0307516914}.Release|Any CPU.Build.0 = Release|Any CPU
		{36276081-54EB-40B3-802D-6196A4EEDF3B}.Debug|Any CPU.ActiveCfg = Debug|Any CPU
		{36276081-54EB-40B3-802D-6196A4EEDF3B}.Debug|Any CPU.Build.0 = Debug|Any CPU
		{36276081-54EB-40B3-802D-6196A4EEDF3B}.Release|Any CPU.ActiveCfg = Release|Any CPU
		{36276081-54EB-40B3-802D-6196A4EEDF3B}.Release|Any CPU.Build.0 = Release|Any CPU
		{64F84458-550B-4AFE-B972-94789DE5DA41}.Debug|Any CPU.ActiveCfg = Debug|Any CPU
		{64F84458-550B-4AFE-B972-94789DE5DA41}.Debug|Any CPU.Build.0 = Debug|Any CPU
		{64F84458-550B-4AFE-B972-94789DE5DA41}.Release|Any CPU.ActiveCfg = Release|Any CPU
		{64F84458-550B-4AFE-B972-94789DE5DA41}.Release|Any CPU.Build.0 = Release|Any CPU
		{2A095C4D-FCAA-4F6B-9E37-EA07BE7A18F2}.Debug|Any CPU.ActiveCfg = Debug|Any CPU
		{2A095C4D-FCAA-4F6B-9E37-EA07BE7A18F2}.Debug|Any CPU.Build.0 = Debug|Any CPU
		{2A095C4D-FCAA-4F6B-9E37-EA07BE7A18F2}.Release|Any CPU.ActiveCfg = Release|Any CPU
		{2A095C4D-FCAA-4F6B-9E37-EA07BE7A18F2}.Release|Any CPU.Build.0 = Release|Any CPU
		{14857784-9984-47C4-9E31-152999E4E8B9}.Debug|Any CPU.ActiveCfg = Debug|Any CPU
		{14857784-9984-47C4-9E31-152999E4E8B9}.Debug|Any CPU.Build.0 = Debug|Any CPU
		{14857784-9984-47C4-9E31-152999E4E8B9}.Release|Any CPU.ActiveCfg = Release|Any CPU
		{14857784-9984-47C4-9E31-152999E4E8B9}.Release|Any CPU.Build.0 = Release|Any CPU
		{216E04D4-DF51-4CDF-8D14-9BF702F53A89}.Debug|Any CPU.ActiveCfg = Debug|Any CPU
		{216E04D4-DF51-4CDF-8D14-9BF702F53A89}.Debug|Any CPU.Build.0 = Debug|Any CPU
		{216E04D4-DF51-4CDF-8D14-9BF702F53A89}.Release|Any CPU.ActiveCfg = Release|Any CPU
		{216E04D4-DF51-4CDF-8D14-9BF702F53A89}.Release|Any CPU.Build.0 = Release|Any CPU
		{40D2591A-7E13-4EEE-B135-18B61B76CDCE}.Debug|Any CPU.ActiveCfg = Debug|Any CPU
		{40D2591A-7E13-4EEE-B135-18B61B76CDCE}.Debug|Any CPU.Build.0 = Debug|Any CPU
		{40D2591A-7E13-4EEE-B135-18B61B76CDCE}.Release|Any CPU.ActiveCfg = Release|Any CPU
		{40D2591A-7E13-4EEE-B135-18B61B76CDCE}.Release|Any CPU.Build.0 = Release|Any CPU
		{43D5270D-A57D-42B2-B94D-10B8E71276B8}.Debug|Any CPU.ActiveCfg = Debug|Any CPU
		{43D5270D-A57D-42B2-B94D-10B8E71276B8}.Debug|Any CPU.Build.0 = Debug|Any CPU
		{43D5270D-A57D-42B2-B94D-10B8E71276B8}.Release|Any CPU.ActiveCfg = Release|Any CPU
		{43D5270D-A57D-42B2-B94D-10B8E71276B8}.Release|Any CPU.Build.0 = Release|Any CPU
		{DB2B65A7-EEBB-45F7-8C96-568218765079}.Debug|Any CPU.ActiveCfg = Debug|Any CPU
		{DB2B65A7-EEBB-45F7-8C96-568218765079}.Debug|Any CPU.Build.0 = Debug|Any CPU
		{DB2B65A7-EEBB-45F7-8C96-568218765079}.Release|Any CPU.ActiveCfg = Release|Any CPU
		{DB2B65A7-EEBB-45F7-8C96-568218765079}.Release|Any CPU.Build.0 = Release|Any CPU
		{5BC2948A-64B3-4770-84A2-344BD37AB783}.Debug|Any CPU.ActiveCfg = Debug|Any CPU
		{5BC2948A-64B3-4770-84A2-344BD37AB783}.Debug|Any CPU.Build.0 = Debug|Any CPU
		{5BC2948A-64B3-4770-84A2-344BD37AB783}.Release|Any CPU.ActiveCfg = Release|Any CPU
		{5BC2948A-64B3-4770-84A2-344BD37AB783}.Release|Any CPU.Build.0 = Release|Any CPU
		{B9699DBC-683A-4546-9310-C1CD64CB2AB8}.Debug|Any CPU.ActiveCfg = Debug|Any CPU
		{B9699DBC-683A-4546-9310-C1CD64CB2AB8}.Debug|Any CPU.Build.0 = Debug|Any CPU
		{B9699DBC-683A-4546-9310-C1CD64CB2AB8}.Release|Any CPU.ActiveCfg = Release|Any CPU
		{B9699DBC-683A-4546-9310-C1CD64CB2AB8}.Release|Any CPU.Build.0 = Release|Any CPU
		{ECA4FC3B-6B04-4159-9174-088DC0F80967}.Debug|Any CPU.ActiveCfg = Debug|Any CPU
		{ECA4FC3B-6B04-4159-9174-088DC0F80967}.Debug|Any CPU.Build.0 = Debug|Any CPU
		{ECA4FC3B-6B04-4159-9174-088DC0F80967}.Release|Any CPU.ActiveCfg = Release|Any CPU
		{ECA4FC3B-6B04-4159-9174-088DC0F80967}.Release|Any CPU.Build.0 = Release|Any CPU
		{FA8BB824-867C-4DDB-B4DD-E4A6CB6A4A60}.Debug|Any CPU.ActiveCfg = Debug|Any CPU
		{FA8BB824-867C-4DDB-B4DD-E4A6CB6A4A60}.Debug|Any CPU.Build.0 = Debug|Any CPU
		{FA8BB824-867C-4DDB-B4DD-E4A6CB6A4A60}.Release|Any CPU.ActiveCfg = Release|Any CPU
		{FA8BB824-867C-4DDB-B4DD-E4A6CB6A4A60}.Release|Any CPU.Build.0 = Release|Any CPU
		{54A2AAF2-7954-454F-9E72-4921BDF5B953}.Debug|Any CPU.ActiveCfg = Debug|Any CPU
		{54A2AAF2-7954-454F-9E72-4921BDF5B953}.Debug|Any CPU.Build.0 = Debug|Any CPU
		{54A2AAF2-7954-454F-9E72-4921BDF5B953}.Release|Any CPU.ActiveCfg = Release|Any CPU
		{54A2AAF2-7954-454F-9E72-4921BDF5B953}.Release|Any CPU.Build.0 = Release|Any CPU
		{51F7216C-3C81-476B-8E1E-C5BAA48EAC1A}.Debug|Any CPU.ActiveCfg = Debug|Any CPU
		{51F7216C-3C81-476B-8E1E-C5BAA48EAC1A}.Debug|Any CPU.Build.0 = Debug|Any CPU
		{51F7216C-3C81-476B-8E1E-C5BAA48EAC1A}.Release|Any CPU.ActiveCfg = Release|Any CPU
		{51F7216C-3C81-476B-8E1E-C5BAA48EAC1A}.Release|Any CPU.Build.0 = Release|Any CPU
		{1559FB87-8D6D-4F6C-9219-A0D6F1EB80A0}.Debug|Any CPU.ActiveCfg = Debug|Any CPU
		{1559FB87-8D6D-4F6C-9219-A0D6F1EB80A0}.Debug|Any CPU.Build.0 = Debug|Any CPU
		{1559FB87-8D6D-4F6C-9219-A0D6F1EB80A0}.Release|Any CPU.ActiveCfg = Release|Any CPU
		{1559FB87-8D6D-4F6C-9219-A0D6F1EB80A0}.Release|Any CPU.Build.0 = Release|Any CPU
		{B6FCB1E3-4C9B-4D5C-B44F-AE2E3E21FD82}.Debug|Any CPU.ActiveCfg = Debug|Any CPU
		{B6FCB1E3-4C9B-4D5C-B44F-AE2E3E21FD82}.Debug|Any CPU.Build.0 = Debug|Any CPU
		{B6FCB1E3-4C9B-4D5C-B44F-AE2E3E21FD82}.Release|Any CPU.ActiveCfg = Release|Any CPU
		{B6FCB1E3-4C9B-4D5C-B44F-AE2E3E21FD82}.Release|Any CPU.Build.0 = Release|Any CPU
		{14069368-9AD4-46E4-B431-CC56946D7B12}.Debug|Any CPU.ActiveCfg = Debug|Any CPU
		{14069368-9AD4-46E4-B431-CC56946D7B12}.Debug|Any CPU.Build.0 = Debug|Any CPU
		{14069368-9AD4-46E4-B431-CC56946D7B12}.Release|Any CPU.ActiveCfg = Release|Any CPU
		{14069368-9AD4-46E4-B431-CC56946D7B12}.Release|Any CPU.Build.0 = Release|Any CPU
		{E7CCF4A6-BE86-4737-9917-5AF1BA598586}.Debug|Any CPU.ActiveCfg = Debug|Any CPU
		{E7CCF4A6-BE86-4737-9917-5AF1BA598586}.Debug|Any CPU.Build.0 = Debug|Any CPU
		{E7CCF4A6-BE86-4737-9917-5AF1BA598586}.Release|Any CPU.ActiveCfg = Release|Any CPU
		{E7CCF4A6-BE86-4737-9917-5AF1BA598586}.Release|Any CPU.Build.0 = Release|Any CPU
		{C846DD1D-4888-471F-A15C-F375AA4CD778}.Debug|Any CPU.ActiveCfg = Debug|Any CPU
		{C846DD1D-4888-471F-A15C-F375AA4CD778}.Debug|Any CPU.Build.0 = Debug|Any CPU
		{C846DD1D-4888-471F-A15C-F375AA4CD778}.Release|Any CPU.ActiveCfg = Release|Any CPU
		{C846DD1D-4888-471F-A15C-F375AA4CD778}.Release|Any CPU.Build.0 = Release|Any CPU
	EndGlobalSection
	GlobalSection(SolutionProperties) = preSolution
		HideSolutionNode = FALSE
	EndGlobalSection
	GlobalSection(NestedProjects) = preSolution
		{33624620-A2ED-4346-8A61-6CF055F1D4C6} = {CE401EEE-7B30-47E3-9983-1E266B735B74}
		{0F4BA8A3-FB3D-4E2B-8576-A99CDA5656DB} = {CE401EEE-7B30-47E3-9983-1E266B735B74}
		{B64F81F3-3AD2-4D54-B61E-5C3E59C2A1B4} = {CE401EEE-7B30-47E3-9983-1E266B735B74}
		{DF6641B0-2488-46F5-BB43-DF689F905871} = {CE401EEE-7B30-47E3-9983-1E266B735B74}
		{3A2AD8EA-36A8-4462-A63D-2EA270105108} = {BAAC483E-FBEB-4B2D-845D-BAAFDE600BB3}
		{C4424DD5-7DE5-441C-99EB-76FFFA910E6E} = {BAAC483E-FBEB-4B2D-845D-BAAFDE600BB3}
		{9643947F-4A65-4D3C-83CE-65BB081492C6} = {BAAC483E-FBEB-4B2D-845D-BAAFDE600BB3}
		{32CFC390-DECC-4BDB-8AFD-AEDF9AB2714F} = {BAAC483E-FBEB-4B2D-845D-BAAFDE600BB3}
		{183AEAD6-7A11-4C72-93BF-1E18714EAFA5} = {BAAC483E-FBEB-4B2D-845D-BAAFDE600BB3}
		{E75915B2-B112-42C2-AC13-0A5190C304B9} = {BAAC483E-FBEB-4B2D-845D-BAAFDE600BB3}
		{76508F2B-3484-4618-BC2E-A883A5670532} = {BAAC483E-FBEB-4B2D-845D-BAAFDE600BB3}
		{EBFB140F-0AB8-48B3-90CC-AC55A0537662} = {BAAC483E-FBEB-4B2D-845D-BAAFDE600BB3}
		{F375961C-1693-490B-B2A5-C8FCDCD07696} = {BAAC483E-FBEB-4B2D-845D-BAAFDE600BB3}
		{430FC4C4-9FF2-4E21-B9B1-02196582E4C8} = {BAAC483E-FBEB-4B2D-845D-BAAFDE600BB3}
		{5317C65F-971D-49AD-B28A-35D0C644E138} = {BAAC483E-FBEB-4B2D-845D-BAAFDE600BB3}
		{8FA55692-CDE9-40F9-AF42-1A00F2DF34E7} = {BAAC483E-FBEB-4B2D-845D-BAAFDE600BB3}
		{CC5C75D7-F559-4855-AB9F-34FB2F6F5D0F} = {BAAC483E-FBEB-4B2D-845D-BAAFDE600BB3}
		{BF54F48A-2353-4D6A-886E-4B7108BE7621} = {BAAC483E-FBEB-4B2D-845D-BAAFDE600BB3}
		{32AC6FF4-BA46-48EC-84CC-5A5A6E938096} = {8025D67E-DC02-42AB-9D7A-947300E602EA}
		{E1C29D3A-5EB3-4639-BC96-1F32811CBDB6} = {8025D67E-DC02-42AB-9D7A-947300E602EA}
		{30DE608C-572A-4ABB-89CE-44CB0D335AA3} = {8025D67E-DC02-42AB-9D7A-947300E602EA}
		{AA325A76-394D-4F8A-8F53-93508A72A15F} = {8025D67E-DC02-42AB-9D7A-947300E602EA}
		{4C84BD80-47A4-4650-882D-33ACA557463B} = {8025D67E-DC02-42AB-9D7A-947300E602EA}
		{BBB5A5C1-336F-4C82-A3C6-44379181EDAF} = {8025D67E-DC02-42AB-9D7A-947300E602EA}
		{C506AD09-4836-42EC-B3E6-44C0947CB873} = {8025D67E-DC02-42AB-9D7A-947300E602EA}
		{0AA7A3D7-3F46-4F51-B90F-93427684871B} = {8025D67E-DC02-42AB-9D7A-947300E602EA}
		{D9013E76-52F7-48F2-929F-FE0307516914} = {8025D67E-DC02-42AB-9D7A-947300E602EA}
		{36276081-54EB-40B3-802D-6196A4EEDF3B} = {8025D67E-DC02-42AB-9D7A-947300E602EA}
		{64F84458-550B-4AFE-B972-94789DE5DA41} = {8025D67E-DC02-42AB-9D7A-947300E602EA}
		{2A095C4D-FCAA-4F6B-9E37-EA07BE7A18F2} = {8025D67E-DC02-42AB-9D7A-947300E602EA}
		{14857784-9984-47C4-9E31-152999E4E8B9} = {8025D67E-DC02-42AB-9D7A-947300E602EA}
		{216E04D4-DF51-4CDF-8D14-9BF702F53A89} = {8025D67E-DC02-42AB-9D7A-947300E602EA}
		{40D2591A-7E13-4EEE-B135-18B61B76CDCE} = {8025D67E-DC02-42AB-9D7A-947300E602EA}
		{43D5270D-A57D-42B2-B94D-10B8E71276B8} = {8025D67E-DC02-42AB-9D7A-947300E602EA}
		{DB2B65A7-EEBB-45F7-8C96-568218765079} = {8025D67E-DC02-42AB-9D7A-947300E602EA}
		{5BC2948A-64B3-4770-84A2-344BD37AB783} = {8025D67E-DC02-42AB-9D7A-947300E602EA}
		{B9699DBC-683A-4546-9310-C1CD64CB2AB8} = {8025D67E-DC02-42AB-9D7A-947300E602EA}
		{ECA4FC3B-6B04-4159-9174-088DC0F80967} = {8025D67E-DC02-42AB-9D7A-947300E602EA}
		{FA8BB824-867C-4DDB-B4DD-E4A6CB6A4A60} = {8025D67E-DC02-42AB-9D7A-947300E602EA}
		{54A2AAF2-7954-454F-9E72-4921BDF5B953} = {8025D67E-DC02-42AB-9D7A-947300E602EA}
		{51F7216C-3C81-476B-8E1E-C5BAA48EAC1A} = {8025D67E-DC02-42AB-9D7A-947300E602EA}
		{1559FB87-8D6D-4F6C-9219-A0D6F1EB80A0} = {8025D67E-DC02-42AB-9D7A-947300E602EA}
		{B6FCB1E3-4C9B-4D5C-B44F-AE2E3E21FD82} = {8025D67E-DC02-42AB-9D7A-947300E602EA}
		{14069368-9AD4-46E4-B431-CC56946D7B12} = {8025D67E-DC02-42AB-9D7A-947300E602EA}
		{E7CCF4A6-BE86-4737-9917-5AF1BA598586} = {8025D67E-DC02-42AB-9D7A-947300E602EA}
		{C846DD1D-4888-471F-A15C-F375AA4CD778} = {8025D67E-DC02-42AB-9D7A-947300E602EA}
	EndGlobalSection
	GlobalSection(ExtensibilityGlobals) = postSolution
		SolutionGuid = {B95F847E-476B-46B4-9E66-F024C8419337}
	EndGlobalSection
EndGlobal
