
Microsoft Visual Studio Solution File, Format Version 12.00
# Visual Studio Version 17
VisualStudioVersion = 17.8.34511.84
MinimumVisualStudioVersion = 10.0.40219.1
Project("{2150E333-8FDC-42A3-9474-1A3956D46DE8}") = "Solution Items", "Solution Items", "{81BD22A1-2666-4966-B473-548B9610D73B}"
	ProjectSection(SolutionItems) = preProject
		.editorconfig = .editorconfig
		.gitignore = .gitignore
		.github\workflows\dotnet.yml = .github\workflows\dotnet.yml
		README.md = README.md
	EndProjectSection
EndProject
Project("{9A19103F-16F7-4668-BE54-9A1E7A4F7556}") = "Roslyn.CodeAnalysis.Lightup.CSharp", "Roslyn.CodeAnalysis.Lightup.CSharp\Roslyn.CodeAnalysis.Lightup.CSharp.csproj", "{463C8FC6-7EB3-4697-BBCF-16E1912DEF71}"
EndProject
Project("{9A19103F-16F7-4668-BE54-9A1E7A4F7556}") = "Roslyn.CodeAnalysis.Lightup.CSharp.Workspaces", "Roslyn.CodeAnalysis.Lightup.CSharp.Workspaces\Roslyn.CodeAnalysis.Lightup.CSharp.Workspaces.csproj", "{B4E02BB1-D031-480D-AD33-4EFF12581A64}"
EndProject
Project("{9A19103F-16F7-4668-BE54-9A1E7A4F7556}") = "Roslyn.CodeAnalysis.Lightup.Test", "Roslyn.CodeAnalysis.Lightup.Test\Roslyn.CodeAnalysis.Lightup.Test.csproj", "{F375961C-1693-490B-B2A5-C8FCDCD07696}"
EndProject
Project("{9A19103F-16F7-4668-BE54-9A1E7A4F7556}") = "Roslyn.CodeAnalysis.Lightup.Test.4_8_0", "Roslyn.CodeAnalysis.Lightup.Test.4_8_0\Roslyn.CodeAnalysis.Lightup.Test.4_8_0.csproj", "{CC5C75D7-F559-4855-AB9F-34FB2F6F5D0F}"
EndProject
Project("{9A19103F-16F7-4668-BE54-9A1E7A4F7556}") = "Roslyn.CodeAnalysis.Lightup.Test.4_4_0", "Roslyn.CodeAnalysis.Lightup.Test.4_4_0\Roslyn.CodeAnalysis.Lightup.Test.4_4_0.csproj", "{8FA55692-CDE9-40F9-AF42-1A00F2DF34E7}"
EndProject
Project("{9A19103F-16F7-4668-BE54-9A1E7A4F7556}") = "Roslyn.CodeAnalysis.Lightup.Test.4_0_1", "Roslyn.CodeAnalysis.Lightup.Test.4_0_1\Roslyn.CodeAnalysis.Lightup.Test.4_0_1.csproj", "{5317C65F-971D-49AD-B28A-35D0C644E138}"
EndProject
Project("{9A19103F-16F7-4668-BE54-9A1E7A4F7556}") = "Roslyn.CodeAnalysis.Lightup.Test.3_8_0", "Roslyn.CodeAnalysis.Lightup.Test.3_8_0\Roslyn.CodeAnalysis.Lightup.Test.3_8_0.csproj", "{430FC4C4-9FF2-4E21-B9B1-02196582E4C8}"
EndProject
Global
	GlobalSection(SolutionConfigurationPlatforms) = preSolution
		Debug|Any CPU = Debug|Any CPU
		Release|Any CPU = Release|Any CPU
	EndGlobalSection
	GlobalSection(ProjectConfigurationPlatforms) = postSolution
		{463C8FC6-7EB3-4697-BBCF-16E1912DEF71}.Debug|Any CPU.ActiveCfg = Debug|Any CPU
		{463C8FC6-7EB3-4697-BBCF-16E1912DEF71}.Debug|Any CPU.Build.0 = Debug|Any CPU
		{463C8FC6-7EB3-4697-BBCF-16E1912DEF71}.Release|Any CPU.ActiveCfg = Release|Any CPU
		{463C8FC6-7EB3-4697-BBCF-16E1912DEF71}.Release|Any CPU.Build.0 = Release|Any CPU
		{B4E02BB1-D031-480D-AD33-4EFF12581A64}.Debug|Any CPU.ActiveCfg = Debug|Any CPU
		{B4E02BB1-D031-480D-AD33-4EFF12581A64}.Debug|Any CPU.Build.0 = Debug|Any CPU
		{B4E02BB1-D031-480D-AD33-4EFF12581A64}.Release|Any CPU.ActiveCfg = Release|Any CPU
		{B4E02BB1-D031-480D-AD33-4EFF12581A64}.Release|Any CPU.Build.0 = Release|Any CPU
		{F375961C-1693-490B-B2A5-C8FCDCD07696}.Debug|Any CPU.ActiveCfg = Debug|Any CPU
		{F375961C-1693-490B-B2A5-C8FCDCD07696}.Debug|Any CPU.Build.0 = Debug|Any CPU
		{F375961C-1693-490B-B2A5-C8FCDCD07696}.Release|Any CPU.ActiveCfg = Release|Any CPU
		{F375961C-1693-490B-B2A5-C8FCDCD07696}.Release|Any CPU.Build.0 = Release|Any CPU
		{CC5C75D7-F559-4855-AB9F-34FB2F6F5D0F}.Debug|Any CPU.ActiveCfg = Debug|Any CPU
		{CC5C75D7-F559-4855-AB9F-34FB2F6F5D0F}.Debug|Any CPU.Build.0 = Debug|Any CPU
		{CC5C75D7-F559-4855-AB9F-34FB2F6F5D0F}.Release|Any CPU.ActiveCfg = Release|Any CPU
		{CC5C75D7-F559-4855-AB9F-34FB2F6F5D0F}.Release|Any CPU.Build.0 = Release|Any CPU
		{8FA55692-CDE9-40F9-AF42-1A00F2DF34E7}.Debug|Any CPU.ActiveCfg = Debug|Any CPU
		{8FA55692-CDE9-40F9-AF42-1A00F2DF34E7}.Debug|Any CPU.Build.0 = Debug|Any CPU
		{8FA55692-CDE9-40F9-AF42-1A00F2DF34E7}.Release|Any CPU.ActiveCfg = Release|Any CPU
		{8FA55692-CDE9-40F9-AF42-1A00F2DF34E7}.Release|Any CPU.Build.0 = Release|Any CPU
		{5317C65F-971D-49AD-B28A-35D0C644E138}.Debug|Any CPU.ActiveCfg = Debug|Any CPU
		{5317C65F-971D-49AD-B28A-35D0C644E138}.Debug|Any CPU.Build.0 = Debug|Any CPU
		{5317C65F-971D-49AD-B28A-35D0C644E138}.Release|Any CPU.ActiveCfg = Release|Any CPU
		{5317C65F-971D-49AD-B28A-35D0C644E138}.Release|Any CPU.Build.0 = Release|Any CPU
		{430FC4C4-9FF2-4E21-B9B1-02196582E4C8}.Debug|Any CPU.ActiveCfg = Debug|Any CPU
		{430FC4C4-9FF2-4E21-B9B1-02196582E4C8}.Debug|Any CPU.Build.0 = Debug|Any CPU
		{430FC4C4-9FF2-4E21-B9B1-02196582E4C8}.Release|Any CPU.ActiveCfg = Release|Any CPU
		{430FC4C4-9FF2-4E21-B9B1-02196582E4C8}.Release|Any CPU.Build.0 = Release|Any CPU
	EndGlobalSection
	GlobalSection(SolutionProperties) = preSolution
		HideSolutionNode = FALSE
	EndGlobalSection
	GlobalSection(ExtensibilityGlobals) = postSolution
		SolutionGuid = {B95F847E-476B-46B4-9E66-F024C8419337}
	EndGlobalSection
EndGlobal
